# This file is autogenerated, do not edit; changes may be undone by the next 'dep ensure'.


[[projects]]
  digest = "1:d2ccb697dc13c8fbffafa37baae97594d5592ae8f7e113471084137315536e2b"
  name = "github.com/Azure/azure-pipeline-go"
  packages = ["pipeline"]
  pruneopts = "UT"
  revision = "7571e8eb0876932ab505918ff7ed5107773e5ee2"
  version = "0.1.7"

[[projects]]
  digest = "1:5026d19f57a5c65f2de68ad8c9e8700fcd1f23500aa33ad9e2e3299056854d70"
  name = "github.com/Azure/azure-storage-blob-go"
  packages = ["2018-03-28/azblob"]
  pruneopts = "UT"
  revision = "eaae161d9d5e07363f04ddb19d84d57efc66d1a1"

[[projects]]
  digest = "1:e92f5581902c345eb4ceffdcd4a854fb8f73cf436d47d837d1ec98ef1fe0a214"
  name = "github.com/StackExchange/wmi"
  packages = ["."]
  pruneopts = "UT"
  revision = "5d049714c4a64225c3c79a7cf7d02f7fb5b96338"
  version = "1.0.0"

[[projects]]
  digest = "1:e574dab86697e4e3a8e2e815e0e932cfbf3618e74d6379d8732b33757e11b23d"
  name = "github.com/allegro/bigcache"
  packages = [
    ".",
    "queue",
  ]
  pruneopts = "UT"
  revision = "e24eb225f15679bbe54f91bfa7da3b00e59b9768"

[[projects]]
  branch = "master"
  digest = "1:db19b75969fd6eccf1a14b87711130733e28f2c985890e1ad063ea32e206fe58"
  name = "github.com/apilayer/freegeoip"
  packages = ["."]
  pruneopts = "UT"
  revision = "3f942d1392f6439bda0f67b3c650ce468ebdba8e"

[[projects]]
  digest = "1:f5322546f652db78b7a8efd35047a61d1e492abca2263e1c647eca49e1c8a354"
  name = "github.com/aristanetworks/goarista"
  packages = ["monotime"]
  pruneopts = "UT"
  revision = "ea17b1a17847fb6e4c0a91de0b674704693469b0"

[[projects]]
  digest = "1:477f6df8a1915abb180d730179a4a45212328effdf98cc6ca5b0e5741db00125"
  name = "github.com/btcsuite/btcd"
  packages = ["btcec"]
  pruneopts = "UT"
  revision = "2e60448ffcc6bf78332d1fe590260095f554dd78"

[[projects]]
  digest = "1:a2d96dac8127fa9ac974dec5d1c35aeac573d64418e2ce6aaac7487e147d14d6"
  name = "github.com/cespare/cp"
  packages = ["."]
  pruneopts = "UT"
  revision = "165db2f241fd235aec29ba6d9b1ccd5f1c14637c"
  version = "v0.1.0"

[[projects]]
  digest = "1:a2c1d0e43bd3baaa071d1b9ed72c27d78169b2b269f71c105ac4ba34b1be4a39"
  name = "github.com/davecgh/go-spew"
  packages = ["spew"]
  pruneopts = "UT"
  revision = "346938d642f2ec3594ed81d874461961cd0faa76"
  version = "v1.1.0"

[[projects]]
  digest = "1:1aeb4854a1c278e842712cd6684f48d595cbdd7839655d37a77248efa08c9fc0"
  name = "github.com/deckarep/golang-set"
  packages = ["."]
  pruneopts = "UT"
  revision = "504e848d77ea4752b3057b8fb46da0e7f746ccf3"

[[projects]]
  digest = "1:2968999686c458f385e0ecf8caf8341707e175aae686b09e434c1f4e93c851a9"
  name = "github.com/docker/docker"
  packages = ["pkg/reexec"]
  pruneopts = "UT"
  revision = "8e610b2b55bfd1bfa9436ab110d311f5e8a74dcb"

[[projects]]
  digest = "1:563b179770b74de6a944e24599c840540cb0415da2596a15d32d060083f80f42"
  name = "github.com/edsrzf/mmap-go"
  packages = ["."]
  pruneopts = "UT"
  revision = "935e0e8a636ca4ba70b713f3e38a19e1b77739e8"

[[projects]]
  digest = "1:e7c526eb232bb9f1312630d216dd4242c902901a4e820deb6b17aabfb3010992"
  name = "github.com/elastic/gosigar"
  packages = [
    ".",
    "sys/windows",
  ]
  pruneopts = "UT"
  revision = "37f05ff46ffa7a825d1b24cf2b62d4a4c1a9d2e8"

[[projects]]
  digest = "1:d145bbf4c40c85d7aebeb50bb293a0ddb922e7cbb37341a4f3f037da01bdf9ee"
  name = "github.com/fatih/color"
  packages = ["."]
  pruneopts = "UT"
  revision = "5ec5d9d3c2cf82e9688b34e9bc27a94d616a7193"
  version = "v1.3.0"

[[projects]]
  digest = "1:e82f72ba30f4e7ae0f3dda35f5fe960c89650f71a8bfff7ffbd8a09a0fae396b"
  name = "github.com/fjl/memsize"
  packages = [
    ".",
    "memsizeui",
  ]
  pruneopts = "UT"
  revision = "ca190fb6ffbc076ff49197b7168a760f30182d2e"

[[projects]]
  digest = "1:a7e69236b403d78ca6a00e15a4030e34f99ffdb8be8dc71611361bf8f3d0e8a4"
  name = "github.com/gballet/go-libpcsclite"
  packages = ["."]
  pruneopts = "UT"
  revision = "2772fd86a8ff4306d2749f610a386bfee9e0d727"

[[projects]]
  digest = "1:64a5a67c69b70c2420e607a8545d674a23778ed9c3e80607bfd17b77c6c87f6a"
  name = "github.com/go-ole/go-ole"
  packages = [
    ".",
    "oleutil",
  ]
  pruneopts = "UT"
  revision = "a41e3c4b706f6ae8dfbff342b06e40fa4d2d0506"
  version = "v1.2.1"

[[projects]]
  digest = "1:33542eaf895b5489ccfb059502a721f0e8875379da8b3ff60fdd9212d503705c"
  name = "github.com/go-stack/stack"
  packages = ["."]
  pruneopts = "UT"
  revision = "54be5f394ed2c3e19dac9134a40a95ba5a017f7b"
  version = "v1.5.4"

[[projects]]
  digest = "1:500eb6e1e42991b51d2cc0c5bc9e47043f7eec8fe4a9b100b85abf49cfb910db"
  name = "github.com/golang/protobuf"
  packages = [
    "proto",
    "protoc-gen-go/descriptor",
  ]
  pruneopts = "UT"
  revision = "b285ee9cfc6c881bb20c0d8dc73370ea9b9ec90f"

[[projects]]
  digest = "1:29a5ab9fa9e845fd8e8726f31b187d710afd271ef1eb32085fe3d604b7e06382"
  name = "github.com/golang/snappy"
  packages = ["."]
  pruneopts = "UT"
  revision = "553a641470496b2327abcac10b36396bd98e45c9"

[[projects]]
  branch = "master"
  digest = "1:76b7a7e015a5b308d0570c0921a1605d69eb7c4de28ec7e6c84cb62bb324249e"
  name = "github.com/graph-gophers/graphql-go"
  packages = [
    ".",
    "errors",
    "internal/common",
    "internal/exec",
    "internal/exec/packer",
    "internal/exec/resolvable",
    "internal/exec/selected",
    "internal/query",
    "internal/schema",
    "internal/validation",
    "introspection",
    "log",
    "relay",
    "trace",
  ]
  pruneopts = "UT"
  revision = "adde0d0f76a3ea22f3fd5f995f94e15de8add256"

[[projects]]
  digest = "1:c419ae6e1a397c8a8eb15bcdc28c2e16bbcd148da9b4bdad6daf89f98a0a6b57"
  name = "github.com/hashicorp/golang-lru"
  packages = [
    ".",
    "simplelru",
  ]
  pruneopts = "UT"
  revision = "0a025b7e63adc15a622f29b0b2c4c3848243bbf6"

[[projects]]
  branch = "master"
  digest = "1:00423a38a695b36a397c7bcbcd54907ea9276427a088c24cd58129a3f51a7169"
  name = "github.com/howeyc/fsnotify"
  packages = ["."]
  pruneopts = "UT"
  revision = "f0c08ee9c60704c1879025f2ae0ff3e000082c13"

[[projects]]
  digest = "1:8d7cd2c5920442e35f2bb048411f9f76cded3097074637c434a84b5393fb1aa4"
  name = "github.com/huin/goupnp"
  packages = [
    ".",
    "dcps/internetgateway1",
    "dcps/internetgateway2",
    "httpu",
    "scpd",
    "soap",
    "ssdp",
  ]
  pruneopts = "UT"
  revision = "679507af18f3c7ba2bcc7905392ce23e148661c3"

[[projects]]
  digest = "1:51c31a8e72256ed742c6cf73430ed9b0f2f5e4ea8b9102f59f9c23dac134b757"
  name = "github.com/influxdata/influxdb"
  packages = [
    "client",
    "models",
    "pkg/escape",
  ]
  pruneopts = "UT"
  revision = "a55dd0f50edd14c9c798d3564189eb4f53914309"

[[projects]]
  digest = "1:5314fcaf8f5945704c768b4664b75ff2d3e99fe9b6ec7d20151696874574100d"
  name = "github.com/jackpal/go-nat-pmp"
  packages = ["."]
  pruneopts = "UT"
  revision = "1fa385a6f45828c83361136b45b1a21a12139493"

[[projects]]
  digest = "1:b3caf7ad18444c71e7d336eedc98d3e03657bad68900202cee68983ee430d9f4"
  name = "github.com/julienschmidt/httprouter"
  packages = ["."]
  pruneopts = "UT"
  revision = "975b5c4c7c21c0e3d2764200bf2aa8e34657ae6e"

[[projects]]
  branch = "master"
  digest = "1:82222440009561384b936034bd1893f2fb2ce51f1288236c449d59a9e6c5dbcd"
  name = "github.com/karalabe/usb"
  packages = ["."]
  pruneopts = "UT"
  revision = "911d15fe12a9c411cf5d0dd5635231c759399bed"

[[projects]]
  digest = "1:0f96ec4151a24d7bfd4298fc13cc320a000e31b4e5431cf88e3ffc961db846fd"
  name = "github.com/mattn/go-colorable"
  packages = ["."]
  pruneopts = "UT"
  revision = "efa589957cd060542a26d2dd7832fd6a6c6c3ade"
  version = "v0.1.0"

[[projects]]
  digest = "1:8d5e9f9351b41787ba94a0c0ed4e43ca169045e254f1f4841b3c6f03c31cdc02"
  name = "github.com/mattn/go-isatty"
  packages = ["."]
  pruneopts = "UT"
  revision = "3fb116b820352b7f0c281308a4d6250c22d94e27"

[[projects]]
  digest = "1:cdb899c199f907ac9fb50495ec71212c95cb5b0e0a8ee0800da0238036091033"
  name = "github.com/mattn/go-runewidth"
  packages = ["."]
  pruneopts = "UT"
  revision = "ce7b0b5c7b45a81508558cd1dba6bb1e4ddb51bb"
  version = "v0.0.3"

[[projects]]
  branch = "master"
  digest = "1:84bd7f8a2e0bcd53ddc33c3b47c34c1fe340c8632cbe928f7f8ae10ec6ecdd62"
  name = "github.com/mohae/deepcopy"
  packages = ["."]
  pruneopts = "UT"
  revision = "c48cc78d482608239f6c4c92a4abd87eb8761c90"

[[projects]]
  digest = "1:b56c589214f01a5601e0821387db484617392d0042f26234bf2da853a2f498a1"
  name = "github.com/naoina/go-stringutil"
  packages = ["."]
  pruneopts = "UT"
  revision = "6b638e95a32d0c1131db0e7fe83775cbea4a0d0b"
  version = "v0.1.0"

[[projects]]
  digest = "1:2f8511e267e62d1f502de44e088445db962d490d118335e9edeb5e60b8894b85"
  name = "github.com/naoina/toml"
  packages = [
    ".",
    "ast",
  ]
  pruneopts = "UT"
  revision = "9fafd69674167c06933b1787ae235618431ce87f"

[[projects]]
  digest = "1:86a60f7a48703e422b7ce0a859cf6a50d0aeeb9685cc873d0fa016141973b2fe"
  name = "github.com/olekukonko/tablewriter"
  packages = ["."]
  pruneopts = "UT"
  revision = "7e037d187b0c13d81ccf0dd1c6b990c2759e6597"

[[projects]]
  digest = "1:69a4b7cd6726866f136b336dda47e15c00bfc0416e21eb327c7bbf1e64f798ac"
  name = "github.com/opentracing/opentracing-go"
  packages = [
    ".",
    "ext",
    "log",
  ]
  pruneopts = "UT"
  revision = "25a84ff92183e2f8ac018ba1db54f8a07b3c0e04"

[[projects]]
  digest = "1:9e5c45058d5c2fb0b5ce6a548edd8cbbd49a1fd8c4789cf56691c1bf0e9241e0"
  name = "github.com/oschwald/maxminddb-golang"
  packages = ["."]
  pruneopts = "UT"
  revision = "277d39ecb83edd90f26a1fb450ab7e710faa203f"

[[projects]]
  digest = "1:361de06aa7ae272616cbe71c3994a654cc6316324e30998e650f7765b20c5b33"
  name = "github.com/pborman/uuid"
  packages = ["."]
  pruneopts = "UT"
  revision = "1b00554d822231195d1babd97ff4a781231955c9"

[[projects]]
  digest = "1:a126514199a8fc56f20d312c988b0047b767e393cfaed916430ee46cfad817e0"
  name = "github.com/peterh/liner"
  packages = ["."]
  pruneopts = "UT"
  revision = "a2c9a5303de792c7581a3b80a8f10258319bb20e"

[[projects]]
  digest = "1:be5a31c22ef895e30d6123413a0bea6e1980dbf7d5c67d741d9a8cf267836186"
  name = "github.com/pkg/errors"
  packages = ["."]
  pruneopts = "UT"
  revision = "e881fd58d78e04cf6d0de1217f8707c8cc2249bc"

[[projects]]
  digest = "1:0028cb19b2e4c3112225cd871870f2d9cf49b9b4276531f03438a88e94be86fe"
  name = "github.com/pmezard/go-difflib"
  packages = ["difflib"]
  pruneopts = "UT"
  revision = "792786c7400a136282c1664665ae0a8db921c6c2"
  version = "v1.0.0"

[[projects]]
  digest = "1:f67f72a440a3f7b3d62af66188e6dd60bdbc44ea2c05ac723d128a08468ac8ae"
  name = "github.com/prometheus/tsdb"
  packages = ["fileutil"]
  pruneopts = "UT"
  revision = "4f204dcbc15056cdd047b06ac6111becda5c2915"

[[projects]]
  digest = "1:8f4b365e527c00e2ba6b25a4c41ee7b84078c375fba83c971e54d2f0582df279"
  name = "github.com/rjeczalik/notify"
  packages = ["."]
  pruneopts = "UT"
  revision = "0f065fa99b48b842c3fd3e2c8b194c6f2b69f6b8"
  version = "v0.9.1"

[[projects]]
  branch = "master"
  digest = "1:dbfe572cc258e5bcf54cb650a06d90edd0da04e42ca1ed909cc1d49f00011c63"
  name = "github.com/robertkrimen/otto"
  packages = [
    ".",
    "ast",
    "dbg",
    "file",
    "parser",
    "registry",
    "token",
  ]
  pruneopts = "UT"
  revision = "15f95af6e78dcd2030d8195a138bd88d4f403546"

[[projects]]
  digest = "1:4b9bd28bbf14271f4b89a6c401589ea5939d14138e0399c253c1939cc4252d2f"
  name = "github.com/rs/cors"
  packages = ["."]
  pruneopts = "UT"
  revision = "a62a804a8a009876ca59105f7899938a1349f4b3"
  version = "v1.0"

[[projects]]
  digest = "1:495ba836007e3cfcf0603b23a38d33929d404d711652b58f00b24928236385c4"
  name = "github.com/rs/xhandler"
  packages = ["."]
  pruneopts = "UT"
  revision = "ed27b6fd65218132ee50cd95f38474a3d8a2cd12"
  version = "v.11"

[[projects]]
  digest = "1:6deccaba5762377091f2e5b26dba70e630e01edb3f95d1a6a59d9b098bd4358f"
  name = "github.com/status-im/keycard-go"
  packages = ["derivationpath"]
  pruneopts = "UT"
  revision = "8537d3370df43a30a3d450c023783d2e43432b89"

[[projects]]
  branch = "master"
  digest = "1:93a3f1d1cbda580d4e0354f3a5449b9cb9a660c41b94fbf646fa9b7d4247c4c2"
  name = "github.com/steakknife/bloomfilter"
  packages = ["."]
  pruneopts = "UT"
  revision = "6819c0d2a57025e1700378ee59b7382d71987f14"

[[projects]]
  branch = "master"
  digest = "1:b6faa17fb2ae10108a58e312056aec778ad1dd0c68694e5f6f91f134c659e0b8"
  name = "github.com/steakknife/hamming"
  packages = ["."]
  pruneopts = "UT"
  revision = "c99c65617cd3d686aea8365fe563d6542f01d940"

[[projects]]
  digest = "1:498565cf249f70c3008005cf92a90ef6c04fd0f310c4fcbf384cef62645bdf71"
  name = "github.com/stretchr/testify"
  packages = [
    "assert",
    "require",
  ]
  pruneopts = "UT"
  revision = "890a5c3458b43e6104ff5da8dfa139d013d77544"

[[projects]]
  digest = "1:3f0c28875fb78456bc1815a9c13cb5962a4f0c462b37ec72e90c2f2cc407b54f"
  name = "github.com/syndtr/goleveldb"
  packages = [
    "leveldb",
    "leveldb/cache",
    "leveldb/comparer",
    "leveldb/errors",
    "leveldb/filter",
    "leveldb/iterator",
    "leveldb/journal",
    "leveldb/memdb",
    "leveldb/opt",
    "leveldb/storage",
    "leveldb/table",
    "leveldb/util",
  ]
  pruneopts = "UT"
  revision = "c3a204f8e96543bb0cc090385c001078f184fc46"

[[projects]]
  digest = "1:6bae001f7c4cddc9ebf2b47bd5ff1bd3978a84b422c468d6037dad284c8c8e9d"
  name = "github.com/tyler-smith/go-bip39"
  packages = [
    ".",
    "wordlists",
  ]
  pruneopts = "UT"
  revision = "dbb3b84ba2ef14e894f5e33d6c6e43641e665738"
  version = "1.0.1"

[[projects]]
  branch = "master"
  digest = "1:7dca0da64f5937af74f21618cdb812c8f16a7d042316dd5bf2f1dfd086be3fc6"
  name = "github.com/wsddn/go-ecdh"
  packages = ["."]
  pruneopts = "UT"
  revision = "48726bab92085232373de4ec5c51ce7b441c63a0"

[[projects]]
  branch = "master"
  digest = "1:31331a2de7077b64a6ef680b550c7f17b63c3323937e7e89c93724580a4c7f95"
  name = "golang.org/x/crypto"
  packages = [
    "cast5",
    "chacha20",
    "curve25519",
    "ed25519",
    "ed25519/internal/edwards25519",
    "internal/subtle",
    "openpgp",
    "openpgp/armor",
    "openpgp/elgamal",
    "openpgp/errors",
    "openpgp/packet",
    "openpgp/s2k",
    "pbkdf2",
    "poly1305",
    "ripemd160",
    "scrypt",
    "sha3",
    "ssh",
    "ssh/terminal",
  ]
  pruneopts = "UT"
  revision = "16651526fdb40c41f6e4da1ad8138f08f012e842"

[[projects]]
  digest = "1:b31283540bc06b2c88614fdeff8d4ff63d829901618bfbc8dc3f9c577a5fdef7"
  name = "golang.org/x/net"
  packages = [
    "context",
    "html",
    "html/atom",
    "html/charset",
    "websocket",
  ]
  pruneopts = "UT"
  revision = "eb5bcb51f2a31c7d5141d810b70815c05d9c9146"

[[projects]]
  digest = "1:9f303486d623f840492bfeb48eb906a94e9d3fe638a761639b72ce64bf7bfcc3"
  name = "golang.org/x/sync"
  packages = ["syncmap"]
  pruneopts = "UT"
  revision = "f52d1811a62927559de87708c8913c1650ce4f26"

[[projects]]
  digest = "1:1944f19af443a7f96d3cb426df5bf08450d915e0fb9259c94f8a8f2e2dbcf339"
  name = "golang.org/x/sys"
  packages = [
    "cpu",
    "unix",
    "windows",
  ]
  pruneopts = "UT"
  revision = "e77772198cdc3dbfcf7f2de96630204df9fd3a0b"

[[projects]]
  digest = "1:2fe1de0618765fde68ee22aa608f7a029ba91896c43a4e2e2d46099e6de0e224"
  name = "golang.org/x/text"
  packages = [
    "encoding",
    "encoding/charmap",
    "encoding/htmlindex",
    "encoding/internal",
    "encoding/internal/identifier",
    "encoding/japanese",
    "encoding/korean",
    "encoding/simplifiedchinese",
    "encoding/traditionalchinese",
    "encoding/unicode",
    "internal/gen",
    "internal/language",
    "internal/language/compact",
    "internal/tag",
    "internal/triegen",
    "internal/ucd",
    "internal/utf8internal",
    "language",
    "runes",
    "transform",
    "unicode/cldr",
    "unicode/norm",
  ]
  pruneopts = "UT"
  revision = "e3703dcdd614d2d7488fff034c75c551ea25da95"

[[projects]]
  digest = "1:dcb51660fc1fd7bfa3f45305db912fa587c12c17658fd66b3ab55339b59ffbe6"
  name = "gopkg.in/check.v1"
  packages = ["."]
  pruneopts = "UT"
  revision = "20d25e2804050c1cd24a7eea1e7a6447dd0e74ec"

[[projects]]
  branch = "v2"
  digest = "1:3d3f9391ab615be8655ae0d686a1564f3fec413979bb1aaf018bac1ec1bb1cc7"
  name = "gopkg.in/natefinch/npipe.v2"
  packages = ["."]
  pruneopts = "UT"
  revision = "c1b8fa8bdccecb0b8db834ee0b92fdbcfa606dd6"

[[projects]]
  digest = "1:8b240e320222855cd51a264e687cbb9841791f07a210dfa6328baf6831e13fdc"
  name = "gopkg.in/olebedev/go-duktape.v3"
  packages = ["."]
  pruneopts = "UT"
  revision = "ec84240a7772c7a122b1c58a13398210659f7c40"

[[projects]]
  digest = "1:9935525a8c49b8434a0b0a54e1980e94a6fae73aaff45c5d33ba8dff69de123e"
  name = "gopkg.in/sourcemap.v1"
  packages = [
    ".",
    "base64vlq",
  ]
  pruneopts = "UT"
  revision = "6e83acea0053641eff084973fee085f0c193c61a"
  version = "v1.0.5"

[[projects]]
  digest = "1:b24d38b282bacf9791408a080f606370efa3d364e4b5fd9ba0f7b87786d3b679"
  name = "gopkg.in/urfave/cli.v1"
  packages = ["."]
  pruneopts = "UT"
  revision = "cfb38830724cc34fedffe9a2a29fb54fa9169cd1"
  version = "v1.20.0"

[solve-meta]
  analyzer-name = "dep"
  analyzer-version = 1
  input-imports = [
    "github.com/Azure/azure-storage-blob-go/2018-03-28/azblob",
    "github.com/allegro/bigcache",
    "github.com/apilayer/freegeoip",
    "github.com/aristanetworks/goarista/monotime",
    "github.com/btcsuite/btcd/btcec",
    "github.com/cespare/cp",
    "github.com/davecgh/go-spew/spew",
    "github.com/deckarep/golang-set",
    "github.com/docker/docker/pkg/reexec",
    "github.com/edsrzf/mmap-go",
    "github.com/elastic/gosigar",
    "github.com/fatih/color",
    "github.com/fjl/memsize/memsizeui",
    "github.com/gballet/go-libpcsclite",
    "github.com/go-stack/stack",
    "github.com/golang/protobuf/proto",
    "github.com/golang/protobuf/protoc-gen-go/descriptor",
    "github.com/golang/snappy",
    "github.com/graph-gophers/graphql-go",
    "github.com/graph-gophers/graphql-go/relay",
    "github.com/hashicorp/golang-lru",
    "github.com/hashicorp/golang-lru/simplelru",
    "github.com/huin/goupnp",
    "github.com/huin/goupnp/dcps/internetgateway1",
    "github.com/huin/goupnp/dcps/internetgateway2",
    "github.com/huin/goupnp/httpu",
    "github.com/influxdata/influxdb/client",
    "github.com/jackpal/go-nat-pmp",
    "github.com/julienschmidt/httprouter",
    "github.com/karalabe/usb",
    "github.com/mattn/go-colorable",
    "github.com/mattn/go-isatty",
    "github.com/mohae/deepcopy",
    "github.com/naoina/toml",
    "github.com/olekukonko/tablewriter",
    "github.com/pborman/uuid",
    "github.com/peterh/liner",
    "github.com/prometheus/tsdb/fileutil",
    "github.com/rjeczalik/notify",
    "github.com/robertkrimen/otto",
    "github.com/rs/cors",
    "github.com/status-im/keycard-go/derivationpath",
    "github.com/steakknife/bloomfilter",
    "github.com/stretchr/testify/assert",
    "github.com/stretchr/testify/require",
    "github.com/syndtr/goleveldb/leveldb",
    "github.com/syndtr/goleveldb/leveldb/errors",
    "github.com/syndtr/goleveldb/leveldb/filter",
    "github.com/syndtr/goleveldb/leveldb/iterator",
    "github.com/syndtr/goleveldb/leveldb/opt",
    "github.com/syndtr/goleveldb/leveldb/storage",
    "github.com/syndtr/goleveldb/leveldb/util",
    "github.com/tyler-smith/go-bip39",
    "github.com/wsddn/go-ecdh",
    "golang.org/x/crypto/openpgp",
    "golang.org/x/crypto/pbkdf2",
    "golang.org/x/crypto/ripemd160",
    "golang.org/x/crypto/scrypt",
    "golang.org/x/crypto/sha3",
    "golang.org/x/crypto/ssh",
    "golang.org/x/crypto/ssh/terminal",
    "golang.org/x/net/websocket",
    "golang.org/x/sync/syncmap",
    "golang.org/x/sys/cpu",
    "golang.org/x/text/unicode/norm",
    "gopkg.in/check.v1",
    "gopkg.in/natefinch/npipe.v2",
    "gopkg.in/olebedev/go-duktape.v3",
    "gopkg.in/urfave/cli.v1",
  ]
  solver-name = "gps-cdcl"
  solver-version = 1
